# This file was autogenerated by Stack.
# You should not edit this file by hand.
# For more information, please see the documentation at:
#   https://docs.haskellstack.org/en/stable/lock_files

packages: []
snapshots:
- completed:
    size: 533750
    url: https://raw.githubusercontent.com/commercialhaskell/stackage-snapshots/master/lts/9/1.yaml
    sha256: ab1f64243467478499eb5fd9b4c4115743d5bb301c3cf5b8b6e7242bcad54247
  original: lts-9.1
